
Microsoft Visual Studio Solution File, Format Version 12.00
# Visual Studio 15
VisualStudioVersion = 15.0.25807.0
MinimumVisualStudioVersion = 10.0.40219.1
Project("{2150E333-8FDC-42A3-9474-1A3956D46DE8}") = "Engine", "Engine", "{0B4E96CC-D1BB-4DD1-9F4F-18566003E813}"
EndProject
Project("{2150E333-8FDC-42A3-9474-1A3956D46DE8}") = "Games", "Games", "{CDD67457-BE68-4AF6-BCF2-AE8D27249742}"
EndProject
Project("{8BC9CEB8-8B4A-11D0-8D11-00A0C91BC942}") = "UE4", "Intermediate\ProjectFiles\UE4.vcxproj", "{A917F91F-DBA3-43E2-B8B6-4F827FCE4BC2}"
EndProject
Project("{8BC9CEB8-8B4A-11D0-8D11-00A0C91BC942}") = "BuildingEscape", "Intermediate\ProjectFiles\BuildingEscape.vcxproj", "{78F54A76-0F54-4CB9-A13E-9EB55FBEF17F}"
EndProject
Global
	GlobalSection(SolutionConfigurationPlatforms) = preSolution
		DebugGame Editor|HTML5 = DebugGame Editor|HTML5
		DebugGame Editor|Win32 = DebugGame Editor|Win32
		DebugGame Editor|Win64 = DebugGame Editor|Win64
		DebugGame|HTML5 = DebugGame|HTML5
		DebugGame|Win32 = DebugGame|Win32
		DebugGame|Win64 = DebugGame|Win64
		Development Editor|HTML5 = Development Editor|HTML5
		Development Editor|Win32 = Development Editor|Win32
		Development Editor|Win64 = Development Editor|Win64
		Development|HTML5 = Development|HTML5
		Development|Win32 = Development|Win32
		Development|Win64 = Development|Win64
		Shipping|HTML5 = Shipping|HTML5
		Shipping|Win32 = Shipping|Win32
		Shipping|Win64 = Shipping|Win64
	EndGlobalSection
	GlobalSection(ProjectConfigurationPlatforms) = postSolution
		{A917F91F-DBA3-43E2-B8B6-4F827FCE4BC2}.DebugGame Editor|HTML5.ActiveCfg = BuiltWithUnrealBuildTool|Win32
		{A917F91F-DBA3-43E2-B8B6-4F827FCE4BC2}.DebugGame Editor|HTML5.Build.0 = BuiltWithUnrealBuildTool|Win32
		{A917F91F-DBA3-43E2-B8B6-4F827FCE4BC2}.DebugGame Editor|Win32.ActiveCfg = BuiltWithUnrealBuildTool|Win32
		{A917F91F-DBA3-43E2-B8B6-4F827FCE4BC2}.DebugGame Editor|Win32.Build.0 = BuiltWithUnrealBuildTool|Win32
		{A917F91F-DBA3-43E2-B8B6-4F827FCE4BC2}.DebugGame Editor|Win64.ActiveCfg = BuiltWithUnrealBuildTool|Win32
		{A917F91F-DBA3-43E2-B8B6-4F827FCE4BC2}.DebugGame Editor|Win64.Build.0 = BuiltWithUnrealBuildTool|Win32
		{A917F91F-DBA3-43E2-B8B6-4F827FCE4BC2}.DebugGame|HTML5.ActiveCfg = BuiltWithUnrealBuildTool|Win32
		{A917F91F-DBA3-43E2-B8B6-4F827FCE4BC2}.DebugGame|HTML5.Build.0 = BuiltWithUnrealBuildTool|Win32
		{A917F91F-DBA3-43E2-B8B6-4F827FCE4BC2}.DebugGame|Win32.ActiveCfg = BuiltWithUnrealBuildTool|Win32
		{A917F91F-DBA3-43E2-B8B6-4F827FCE4BC2}.DebugGame|Win32.Build.0 = BuiltWithUnrealBuildTool|Win32
		{A917F91F-DBA3-43E2-B8B6-4F827FCE4BC2}.DebugGame|Win64.ActiveCfg = BuiltWithUnrealBuildTool|Win32
		{A917F91F-DBA3-43E2-B8B6-4F827FCE4BC2}.DebugGame|Win64.Build.0 = BuiltWithUnrealBuildTool|Win32
		{A917F91F-DBA3-43E2-B8B6-4F827FCE4BC2}.Development Editor|HTML5.ActiveCfg = BuiltWithUnrealBuildTool|Win32
		{A917F91F-DBA3-43E2-B8B6-4F827FCE4BC2}.Development Editor|HTML5.Build.0 = BuiltWithUnrealBuildTool|Win32
		{A917F91F-DBA3-43E2-B8B6-4F827FCE4BC2}.Development Editor|Win32.ActiveCfg = BuiltWithUnrealBuildTool|Win32
		{A917F91F-DBA3-43E2-B8B6-4F827FCE4BC2}.Development Editor|Win32.Build.0 = BuiltWithUnrealBuildTool|Win32
		{A917F91F-DBA3-43E2-B8B6-4F827FCE4BC2}.Development Editor|Win64.ActiveCfg = BuiltWithUnrealBuildTool|Win32
		{A917F91F-DBA3-43E2-B8B6-4F827FCE4BC2}.Development Editor|Win64.Build.0 = BuiltWithUnrealBuildTool|Win32
		{A917F91F-DBA3-43E2-B8B6-4F827FCE4BC2}.Development|HTML5.ActiveCfg = BuiltWithUnrealBuildTool|Win32
		{A917F91F-DBA3-43E2-B8B6-4F827FCE4BC2}.Development|HTML5.Build.0 = BuiltWithUnrealBuildTool|Win32
		{A917F91F-DBA3-43E2-B8B6-4F827FCE4BC2}.Development|Win32.ActiveCfg = BuiltWithUnrealBuildTool|Win32
		{A917F91F-DBA3-43E2-B8B6-4F827FCE4BC2}.Development|Win32.Build.0 = BuiltWithUnrealBuildTool|Win32
		{A917F91F-DBA3-43E2-B8B6-4F827FCE4BC2}.Development|Win64.ActiveCfg = BuiltWithUnrealBuildTool|Win32
		{A917F91F-DBA3-43E2-B8B6-4F827FCE4BC2}.Development|Win64.Build.0 = BuiltWithUnrealBuildTool|Win32
		{A917F91F-DBA3-43E2-B8B6-4F827FCE4BC2}.Shipping|HTML5.ActiveCfg = BuiltWithUnrealBuildTool|Win32
		{A917F91F-DBA3-43E2-B8B6-4F827FCE4BC2}.Shipping|HTML5.Build.0 = BuiltWithUnrealBuildTool|Win32
		{A917F91F-DBA3-43E2-B8B6-4F827FCE4BC2}.Shipping|Win32.ActiveCfg = BuiltWithUnrealBuildTool|Win32
		{A917F91F-DBA3-43E2-B8B6-4F827FCE4BC2}.Shipping|Win32.Build.0 = BuiltWithUnrealBuildTool|Win32
		{A917F91F-DBA3-43E2-B8B6-4F827FCE4BC2}.Shipping|Win64.ActiveCfg = BuiltWithUnrealBuildTool|Win32
		{A917F91F-DBA3-43E2-B8B6-4F827FCE4BC2}.Shipping|Win64.Build.0 = BuiltWithUnrealBuildTool|Win32
		{78F54A76-0F54-4CB9-A13E-9EB55FBEF17F}.DebugGame Editor|HTML5.ActiveCfg = HTML5_DebugGame_Editor|Win32
		{78F54A76-0F54-4CB9-A13E-9EB55FBEF17F}.DebugGame Editor|Win32.ActiveCfg = DebugGame_Editor|Win32
		{78F54A76-0F54-4CB9-A13E-9EB55FBEF17F}.DebugGame Editor|Win64.ActiveCfg = DebugGame_Editor|x64
		{78F54A76-0F54-4CB9-A13E-9EB55FBEF17F}.DebugGame Editor|Win64.Build.0 = DebugGame_Editor|x64
		{78F54A76-0F54-4CB9-A13E-9EB55FBEF17F}.DebugGame|HTML5.ActiveCfg = HTML5_DebugGame_Game|Win32
		{78F54A76-0F54-4CB9-A13E-9EB55FBEF17F}.DebugGame|HTML5.Build.0 = HTML5_DebugGame_Game|Win32
		{78F54A76-0F54-4CB9-A13E-9EB55FBEF17F}.DebugGame|Win32.ActiveCfg = DebugGame_Game|Win32
		{78F54A76-0F54-4CB9-A13E-9EB55FBEF17F}.DebugGame|Win32.Build.0 = DebugGame_Game|Win32
		{78F54A76-0F54-4CB9-A13E-9EB55FBEF17F}.DebugGame|Win64.ActiveCfg = DebugGame_Game|x64
		{78F54A76-0F54-4CB9-A13E-9EB55FBEF17F}.DebugGame|Win64.Build.0 = DebugGame_Game|x64
		{78F54A76-0F54-4CB9-A13E-9EB55FBEF17F}.Development Editor|HTML5.ActiveCfg = HTML5_Development_Editor|Win32
		{78F54A76-0F54-4CB9-A13E-9EB55FBEF17F}.Development Editor|Win32.ActiveCfg = Development_Editor|Win32
		{78F54A76-0F54-4CB9-A13E-9EB55FBEF17F}.Development Editor|Win64.ActiveCfg = Development_Editor|x64
		{78F54A76-0F54-4CB9-A13E-9EB55FBEF17F}.Development Editor|Win64.Build.0 = Development_Editor|x64
		{78F54A76-0F54-4CB9-A13E-9EB55FBEF17F}.Development|HTML5.ActiveCfg = HTML5_Development_Game|Win32
		{78F54A76-0F54-4CB9-A13E-9EB55FBEF17F}.Development|HTML5.Build.0 = HTML5_Development_Game|Win32
		{78F54A76-0F54-4CB9-A13E-9EB55FBEF17F}.Development|Win32.ActiveCfg = Development_Game|Win32
		{78F54A76-0F54-4CB9-A13E-9EB55FBEF17F}.Development|Win32.Build.0 = Development_Game|Win32
		{78F54A76-0F54-4CB9-A13E-9EB55FBEF17F}.Development|Win64.ActiveCfg = Development_Game|x64
		{78F54A76-0F54-4CB9-A13E-9EB55FBEF17F}.Development|Win64.Build.0 = Development_Game|x64
		{78F54A76-0F54-4CB9-A13E-9EB55FBEF17F}.Shipping|HTML5.ActiveCfg = HTML5_Shipping_Game|Win32
		{78F54A76-0F54-4CB9-A13E-9EB55FBEF17F}.Shipping|HTML5.Build.0 = HTML5_Shipping_Game|Win32
		{78F54A76-0F54-4CB9-A13E-9EB55FBEF17F}.Shipping|Win32.ActiveCfg = Shipping_Game|Win32
		{78F54A76-0F54-4CB9-A13E-9EB55FBEF17F}.Shipping|Win32.Build.0 = Shipping_Game|Win32
		{78F54A76-0F54-4CB9-A13E-9EB55FBEF17F}.Shipping|Win64.ActiveCfg = Shipping_Game|x64
		{78F54A76-0F54-4CB9-A13E-9EB55FBEF17F}.Shipping|Win64.Build.0 = Shipping_Game|x64
	EndGlobalSection
	GlobalSection(SolutionProperties) = preSolution
		HideSolutionNode = FALSE
	EndGlobalSection
	GlobalSection(NestedProjects) = preSolution
		{A917F91F-DBA3-43E2-B8B6-4F827FCE4BC2} = {0B4E96CC-D1BB-4DD1-9F4F-18566003E813}
		{78F54A76-0F54-4CB9-A13E-9EB55FBEF17F} = {CDD67457-BE68-4AF6-BCF2-AE8D27249742}
	EndGlobalSection
	GlobalSection(ExtensibilityGlobals) = postSolution
		SolutionGuid = {5AEE3DFD-B819-471A-9418-D5E8E4933D98}
	EndGlobalSection
EndGlobal
